
Microsoft Visual Studio Solution File, Format Version 12.00
# Visual Studio Version 16
VisualStudioVersion = 16.0.30011.22
MinimumVisualStudioVersion = 10.0.40219.1
Project("{FAE04EC0-301F-11D3-BF4B-00C04F79EFBC}") = "IsarAerospac", "IsarAerospac\IsarAerospac.csproj", "{F3F25386-C266-4255-B8DE-397D540F8E9E}"
EndProject
Project("{FAE04EC0-301F-11D3-BF4B-00C04F79EFBC}") = "IsarAerospac.ViewModel", "IsarAerospac.ViewModel\IsarAerospac.ViewModel.csproj", "{DD618E8E-9E53-4FE8-BFDF-499F5E1FE970}"
EndProject
Project("{FAE04EC0-301F-11D3-BF4B-00C04F79EFBC}") = "IsarAerospac.Model", "IsarAerospac.Model\IsarAerospac.Model.csproj", "{250F42C2-6905-4518-8A7B-FECD9903DDBD}"
EndProject
Global
	GlobalSection(SolutionConfigurationPlatforms) = preSolution
		Debug|Any CPU = Debug|Any CPU
		Release|Any CPU = Release|Any CPU
	EndGlobalSection
	GlobalSection(ProjectConfigurationPlatforms) = postSolution
		{F3F25386-C266-4255-B8DE-397D540F8E9E}.Debug|Any CPU.ActiveCfg = Debug|Any CPU
		{F3F25386-C266-4255-B8DE-397D540F8E9E}.Debug|Any CPU.Build.0 = Debug|Any CPU
		{F3F25386-C266-4255-B8DE-397D540F8E9E}.Release|Any CPU.ActiveCfg = Release|Any CPU
		{F3F25386-C266-4255-B8DE-397D540F8E9E}.Release|Any CPU.Build.0 = Release|Any CPU
		{DD618E8E-9E53-4FE8-BFDF-499F5E1FE970}.Debug|Any CPU.ActiveCfg = Debug|Any CPU
		{DD618E8E-9E53-4FE8-BFDF-499F5E1FE970}.Debug|Any CPU.Build.0 = Debug|Any CPU
		{DD618E8E-9E53-4FE8-BFDF-499F5E1FE970}.Release|Any CPU.ActiveCfg = Release|Any CPU
		{DD618E8E-9E53-4FE8-BFDF-499F5E1FE970}.Release|Any CPU.Build.0 = Release|Any CPU
		{250F42C2-6905-4518-8A7B-FECD9903DDBD}.Debug|Any CPU.ActiveCfg = Debug|Any CPU
		{250F42C2-6905-4518-8A7B-FECD9903DDBD}.Debug|Any CPU.Build.0 = Debug|Any CPU
		{250F42C2-6905-4518-8A7B-FECD9903DDBD}.Release|Any CPU.ActiveCfg = Release|Any CPU
		{250F42C2-6905-4518-8A7B-FECD9903DDBD}.Release|Any CPU.Build.0 = Release|Any CPU
	EndGlobalSection
	GlobalSection(SolutionProperties) = preSolution
		HideSolutionNode = FALSE
	EndGlobalSection
	GlobalSection(ExtensibilityGlobals) = postSolution
		SolutionGuid = {263C89A9-B1EF-4195-B4E1-1E8FF77D5C00}
	EndGlobalSection
EndGlobal
